github.com/achanim/go-learn-module v1.0.0 h1:lXKEssKPiTPH/FAge2DDlAu6QFfabCd0HdNuIE8s9YE=
github.com/achanim/go-learn-module v1.0.0/go.mod h1:wnWgge2gk/xA8wpOZ+BFyCebwbjActXtjGyzr91disM=
github.com/achanim/go-learn-module v1.5.0 h1:4GBLdz4vm+QyaZuUa6zaqcnHar8I6Sd4/OE75rGiHdE=
github.com/achanim/go-learn-module v1.5.0/go.mod h1:wnWgge2gk/xA8wpOZ+BFyCebwbjActXtjGyzr91disM=
